
Microsoft Visual Studio Solution File, Format Version 12.00
# Visual Studio 15
VisualStudioVersion = 15.0.28307.852
MinimumVisualStudioVersion = 10.0.40219.1
Project("{FAE04EC0-301F-11D3-BF4B-00C04F79EFBC}") = "Laboratorio10.Android", "Laboratorio10\Laboratorio10.Android\Laboratorio10.Android.csproj", "{A8F44662-5D1E-4B6C-8E44-B3A39921BBB9}"
EndProject
Project("{FAE04EC0-301F-11D3-BF4B-00C04F79EFBC}") = "Laboratorio10.iOS", "Laboratorio10\Laboratorio10.iOS\Laboratorio10.iOS.csproj", "{A5302EAA-4C53-4035-9422-DDC16435C599}"
EndProject
Project("{FAE04EC0-301F-11D3-BF4B-00C04F79EFBC}") = "Laboratorio10", "Laboratorio10\Laboratorio10\Laboratorio10.csproj", "{23297291-6B1A-43FE-8360-98E9158F0B5C}"
EndProject
Global
	GlobalSection(SolutionConfigurationPlatforms) = preSolution
		Ad-Hoc|Any CPU = Ad-Hoc|Any CPU
		Ad-Hoc|iPhone = Ad-Hoc|iPhone
		Ad-Hoc|iPhoneSimulator = Ad-Hoc|iPhoneSimulator
		AppStore|Any CPU = AppStore|Any CPU
		AppStore|iPhone = AppStore|iPhone
		AppStore|iPhoneSimulator = AppStore|iPhoneSimulator
		Debug|Any CPU = Debug|Any CPU
		Debug|iPhone = Debug|iPhone
		Debug|iPhoneSimulator = Debug|iPhoneSimulator
		Release|Any CPU = Release|Any CPU
		Release|iPhone = Release|iPhone
		Release|iPhoneSimulator = Release|iPhoneSimulator
	EndGlobalSection
	GlobalSection(ProjectConfigurationPlatforms) = postSolution
		{A8F44662-5D1E-4B6C-8E44-B3A39921BBB9}.Ad-Hoc|Any CPU.ActiveCfg = Release|Any CPU
		{A8F44662-5D1E-4B6C-8E44-B3A39921BBB9}.Ad-Hoc|Any CPU.Build.0 = Release|Any CPU
		{A8F44662-5D1E-4B6C-8E44-B3A39921BBB9}.Ad-Hoc|Any CPU.Deploy.0 = Release|Any CPU
		{A8F44662-5D1E-4B6C-8E44-B3A39921BBB9}.Ad-Hoc|iPhone.ActiveCfg = Release|Any CPU
		{A8F44662-5D1E-4B6C-8E44-B3A39921BBB9}.Ad-Hoc|iPhone.Build.0 = Release|Any CPU
		{A8F44662-5D1E-4B6C-8E44-B3A39921BBB9}.Ad-Hoc|iPhone.Deploy.0 = Release|Any CPU
		{A8F44662-5D1E-4B6C-8E44-B3A39921BBB9}.Ad-Hoc|iPhoneSimulator.ActiveCfg = Release|Any CPU
		{A8F44662-5D1E-4B6C-8E44-B3A39921BBB9}.Ad-Hoc|iPhoneSimulator.Build.0 = Release|Any CPU
		{A8F44662-5D1E-4B6C-8E44-B3A39921BBB9}.Ad-Hoc|iPhoneSimulator.Deploy.0 = Release|Any CPU
		{A8F44662-5D1E-4B6C-8E44-B3A39921BBB9}.AppStore|Any CPU.ActiveCfg = Release|Any CPU
		{A8F44662-5D1E-4B6C-8E44-B3A39921BBB9}.AppStore|Any CPU.Build.0 = Release|Any CPU
		{A8F44662-5D1E-4B6C-8E44-B3A39921BBB9}.AppStore|Any CPU.Deploy.0 = Release|Any CPU
		{A8F44662-5D1E-4B6C-8E44-B3A39921BBB9}.AppStore|iPhone.ActiveCfg = Release|Any CPU
		{A8F44662-5D1E-4B6C-8E44-B3A39921BBB9}.AppStore|iPhone.Build.0 = Release|Any CPU
		{A8F44662-5D1E-4B6C-8E44-B3A39921BBB9}.AppStore|iPhone.Deploy.0 = Release|Any CPU
		{A8F44662-5D1E-4B6C-8E44-B3A39921BBB9}.AppStore|iPhoneSimulator.ActiveCfg = Release|Any CPU
		{A8F44662-5D1E-4B6C-8E44-B3A39921BBB9}.AppStore|iPhoneSimulator.Build.0 = Release|Any CPU
		{A8F44662-5D1E-4B6C-8E44-B3A39921BBB9}.AppStore|iPhoneSimulator.Deploy.0 = Release|Any CPU
		{A8F44662-5D1E-4B6C-8E44-B3A39921BBB9}.Debug|Any CPU.ActiveCfg = Debug|Any CPU
		{A8F44662-5D1E-4B6C-8E44-B3A39921BBB9}.Debug|Any CPU.Build.0 = Debug|Any CPU
		{A8F44662-5D1E-4B6C-8E44-B3A39921BBB9}.Debug|Any CPU.Deploy.0 = Debug|Any CPU
		{A8F44662-5D1E-4B6C-8E44-B3A39921BBB9}.Debug|iPhone.ActiveCfg = Debug|Any CPU
		{A8F44662-5D1E-4B6C-8E44-B3A39921BBB9}.Debug|iPhone.Build.0 = Debug|Any CPU
		{A8F44662-5D1E-4B6C-8E44-B3A39921BBB9}.Debug|iPhone.Deploy.0 = Debug|Any CPU
		{A8F44662-5D1E-4B6C-8E44-B3A39921BBB9}.Debug|iPhoneSimulator.ActiveCfg = Debug|Any CPU
		{A8F44662-5D1E-4B6C-8E44-B3A39921BBB9}.Debug|iPhoneSimulator.Build.0 = Debug|Any CPU
		{A8F44662-5D1E-4B6C-8E44-B3A39921BBB9}.Debug|iPhoneSimulator.Deploy.0 = Debug|Any CPU
		{A8F44662-5D1E-4B6C-8E44-B3A39921BBB9}.Release|Any CPU.ActiveCfg = Release|Any CPU
		{A8F44662-5D1E-4B6C-8E44-B3A39921BBB9}.Release|Any CPU.Build.0 = Release|Any CPU
		{A8F44662-5D1E-4B6C-8E44-B3A39921BBB9}.Release|Any CPU.Deploy.0 = Release|Any CPU
		{A8F44662-5D1E-4B6C-8E44-B3A39921BBB9}.Release|iPhone.ActiveCfg = Release|Any CPU
		{A8F44662-5D1E-4B6C-8E44-B3A39921BBB9}.Release|iPhone.Build.0 = Release|Any CPU
		{A8F44662-5D1E-4B6C-8E44-B3A39921BBB9}.Release|iPhone.Deploy.0 = Release|Any CPU
		{A8F44662-5D1E-4B6C-8E44-B3A39921BBB9}.Release|iPhoneSimulator.ActiveCfg = Release|Any CPU
		{A8F44662-5D1E-4B6C-8E44-B3A39921BBB9}.Release|iPhoneSimulator.Build.0 = Release|Any CPU
		{A8F44662-5D1E-4B6C-8E44-B3A39921BBB9}.Release|iPhoneSimulator.Deploy.0 = Release|Any CPU
		{A5302EAA-4C53-4035-9422-DDC16435C599}.Ad-Hoc|Any CPU.ActiveCfg = Ad-Hoc|iPhone
		{A5302EAA-4C53-4035-9422-DDC16435C599}.Ad-Hoc|Any CPU.Build.0 = Ad-Hoc|iPhone
		{A5302EAA-4C53-4035-9422-DDC16435C599}.Ad-Hoc|Any CPU.Deploy.0 = Ad-Hoc|iPhone
		{A5302EAA-4C53-4035-9422-DDC16435C599}.Ad-Hoc|iPhone.ActiveCfg = Ad-Hoc|iPhone
		{A5302EAA-4C53-4035-9422-DDC16435C599}.Ad-Hoc|iPhone.Build.0 = Ad-Hoc|iPhone
		{A5302EAA-4C53-4035-9422-DDC16435C599}.Ad-Hoc|iPhone.Deploy.0 = Ad-Hoc|iPhone
		{A5302EAA-4C53-4035-9422-DDC16435C599}.Ad-Hoc|iPhoneSimulator.ActiveCfg = Ad-Hoc|iPhoneSimulator
		{A5302EAA-4C53-4035-9422-DDC16435C599}.Ad-Hoc|iPhoneSimulator.Build.0 = Ad-Hoc|iPhoneSimulator
		{A5302EAA-4C53-4035-9422-DDC16435C599}.Ad-Hoc|iPhoneSimulator.Deploy.0 = Ad-Hoc|iPhoneSimulator
		{A5302EAA-4C53-4035-9422-DDC16435C599}.AppStore|Any CPU.ActiveCfg = AppStore|iPhone
		{A5302EAA-4C53-4035-9422-DDC16435C599}.AppStore|Any CPU.Build.0 = AppStore|iPhone
		{A5302EAA-4C53-4035-9422-DDC16435C599}.AppStore|Any CPU.Deploy.0 = AppStore|iPhone
		{A5302EAA-4C53-4035-9422-DDC16435C599}.AppStore|iPhone.ActiveCfg = AppStore|iPhone
		{A5302EAA-4C53-4035-9422-DDC16435C599}.AppStore|iPhone.Build.0 = AppStore|iPhone
		{A5302EAA-4C53-4035-9422-DDC16435C599}.AppStore|iPhone.Deploy.0 = AppStore|iPhone
		{A5302EAA-4C53-4035-9422-DDC16435C599}.AppStore|iPhoneSimulator.ActiveCfg = AppStore|iPhoneSimulator
		{A5302EAA-4C53-4035-9422-DDC16435C599}.AppStore|iPhoneSimulator.Build.0 = AppStore|iPhoneSimulator
		{A5302EAA-4C53-4035-9422-DDC16435C599}.AppStore|iPhoneSimulator.Deploy.0 = AppStore|iPhoneSimulator
		{A5302EAA-4C53-4035-9422-DDC16435C599}.Debug|Any CPU.ActiveCfg = Debug|iPhoneSimulator
		{A5302EAA-4C53-4035-9422-DDC16435C599}.Debug|Any CPU.Build.0 = Debug|iPhoneSimulator
		{A5302EAA-4C53-4035-9422-DDC16435C599}.Debug|Any CPU.Deploy.0 = Debug|iPhoneSimulator
		{A5302EAA-4C53-4035-9422-DDC16435C599}.Debug|iPhone.ActiveCfg = Debug|iPhone
		{A5302EAA-4C53-4035-9422-DDC16435C599}.Debug|iPhone.Build.0 = Debug|iPhone
		{A5302EAA-4C53-4035-9422-DDC16435C599}.Debug|iPhone.Deploy.0 = Debug|iPhone
		{A5302EAA-4C53-4035-9422-DDC16435C599}.Debug|iPhoneSimulator.ActiveCfg = Debug|iPhoneSimulator
		{A5302EAA-4C53-4035-9422-DDC16435C599}.Debug|iPhoneSimulator.Build.0 = Debug|iPhoneSimulator
		{A5302EAA-4C53-4035-9422-DDC16435C599}.Debug|iPhoneSimulator.Deploy.0 = Debug|iPhoneSimulator
		{A5302EAA-4C53-4035-9422-DDC16435C599}.Release|Any CPU.ActiveCfg = Release|iPhone
		{A5302EAA-4C53-4035-9422-DDC16435C599}.Release|Any CPU.Build.0 = Release|iPhone
		{A5302EAA-4C53-4035-9422-DDC16435C599}.Release|Any CPU.Deploy.0 = Release|iPhone
		{A5302EAA-4C53-4035-9422-DDC16435C599}.Release|iPhone.ActiveCfg = Release|iPhone
		{A5302EAA-4C53-4035-9422-DDC16435C599}.Release|iPhone.Build.0 = Release|iPhone
		{A5302EAA-4C53-4035-9422-DDC16435C599}.Release|iPhone.Deploy.0 = Release|iPhone
		{A5302EAA-4C53-4035-9422-DDC16435C599}.Release|iPhoneSimulator.ActiveCfg = Release|iPhoneSimulator
		{A5302EAA-4C53-4035-9422-DDC16435C599}.Release|iPhoneSimulator.Build.0 = Release|iPhoneSimulator
		{A5302EAA-4C53-4035-9422-DDC16435C599}.Release|iPhoneSimulator.Deploy.0 = Release|iPhoneSimulator
		{23297291-6B1A-43FE-8360-98E9158F0B5C}.Ad-Hoc|Any CPU.ActiveCfg = Debug|Any CPU
		{23297291-6B1A-43FE-8360-98E9158F0B5C}.Ad-Hoc|Any CPU.Build.0 = Debug|Any CPU
		{23297291-6B1A-43FE-8360-98E9158F0B5C}.Ad-Hoc|Any CPU.Deploy.0 = Debug|Any CPU
		{23297291-6B1A-43FE-8360-98E9158F0B5C}.Ad-Hoc|iPhone.ActiveCfg = Debug|Any CPU
		{23297291-6B1A-43FE-8360-98E9158F0B5C}.Ad-Hoc|iPhone.Build.0 = Debug|Any CPU
		{23297291-6B1A-43FE-8360-98E9158F0B5C}.Ad-Hoc|iPhone.Deploy.0 = Debug|Any CPU
		{23297291-6B1A-43FE-8360-98E9158F0B5C}.Ad-Hoc|iPhoneSimulator.ActiveCfg = Debug|Any CPU
		{23297291-6B1A-43FE-8360-98E9158F0B5C}.Ad-Hoc|iPhoneSimulator.Build.0 = Debug|Any CPU
		{23297291-6B1A-43FE-8360-98E9158F0B5C}.Ad-Hoc|iPhoneSimulator.Deploy.0 = Debug|Any CPU
		{23297291-6B1A-43FE-8360-98E9158F0B5C}.AppStore|Any CPU.ActiveCfg = Debug|Any CPU
		{23297291-6B1A-43FE-8360-98E9158F0B5C}.AppStore|Any CPU.Build.0 = Debug|Any CPU
		{23297291-6B1A-43FE-8360-98E9158F0B5C}.AppStore|Any CPU.Deploy.0 = Debug|Any CPU
		{23297291-6B1A-43FE-8360-98E9158F0B5C}.AppStore|iPhone.ActiveCfg = Debug|Any CPU
		{23297291-6B1A-43FE-8360-98E9158F0B5C}.AppStore|iPhone.Build.0 = Debug|Any CPU
		{23297291-6B1A-43FE-8360-98E9158F0B5C}.AppStore|iPhone.Deploy.0 = Debug|Any CPU
		{23297291-6B1A-43FE-8360-98E9158F0B5C}.AppStore|iPhoneSimulator.ActiveCfg = Debug|Any CPU
		{23297291-6B1A-43FE-8360-98E9158F0B5C}.AppStore|iPhoneSimulator.Build.0 = Debug|Any CPU
		{23297291-6B1A-43FE-8360-98E9158F0B5C}.AppStore|iPhoneSimulator.Deploy.0 = Debug|Any CPU
		{23297291-6B1A-43FE-8360-98E9158F0B5C}.Debug|Any CPU.ActiveCfg = Debug|Any CPU
		{23297291-6B1A-43FE-8360-98E9158F0B5C}.Debug|Any CPU.Build.0 = Debug|Any CPU
		{23297291-6B1A-43FE-8360-98E9158F0B5C}.Debug|Any CPU.Deploy.0 = Debug|Any CPU
		{23297291-6B1A-43FE-8360-98E9158F0B5C}.Debug|iPhone.ActiveCfg = Debug|Any CPU
		{23297291-6B1A-43FE-8360-98E9158F0B5C}.Debug|iPhone.Build.0 = Debug|Any CPU
		{23297291-6B1A-43FE-8360-98E9158F0B5C}.Debug|iPhone.Deploy.0 = Debug|Any CPU
		{23297291-6B1A-43FE-8360-98E9158F0B5C}.Debug|iPhoneSimulator.ActiveCfg = Debug|Any CPU
		{23297291-6B1A-43FE-8360-98E9158F0B5C}.Debug|iPhoneSimulator.Build.0 = Debug|Any CPU
		{23297291-6B1A-43FE-8360-98E9158F0B5C}.Debug|iPhoneSimulator.Deploy.0 = Debug|Any CPU
		{23297291-6B1A-43FE-8360-98E9158F0B5C}.Release|Any CPU.ActiveCfg = Release|Any CPU
		{23297291-6B1A-43FE-8360-98E9158F0B5C}.Release|Any CPU.Build.0 = Release|Any CPU
		{23297291-6B1A-43FE-8360-98E9158F0B5C}.Release|Any CPU.Deploy.0 = Release|Any CPU
		{23297291-6B1A-43FE-8360-98E9158F0B5C}.Release|iPhone.ActiveCfg = Release|Any CPU
		{23297291-6B1A-43FE-8360-98E9158F0B5C}.Release|iPhone.Build.0 = Release|Any CPU
		{23297291-6B1A-43FE-8360-98E9158F0B5C}.Release|iPhone.Deploy.0 = Release|Any CPU
		{23297291-6B1A-43FE-8360-98E9158F0B5C}.Release|iPhoneSimulator.ActiveCfg = Release|Any CPU
		{23297291-6B1A-43FE-8360-98E9158F0B5C}.Release|iPhoneSimulator.Build.0 = Release|Any CPU
		{23297291-6B1A-43FE-8360-98E9158F0B5C}.Release|iPhoneSimulator.Deploy.0 = Release|Any CPU
	EndGlobalSection
	GlobalSection(SolutionProperties) = preSolution
		HideSolutionNode = FALSE
	EndGlobalSection
	GlobalSection(ExtensibilityGlobals) = postSolution
		SolutionGuid = {B84B401B-11D1-4B7C-8805-940200168BB0}
	EndGlobalSection
EndGlobal
